Microsoft Visual Studio Solution File, Format Version 12.00
# Visual Studio Version 17
VisualStudioVersion = 17.5.2.0
MinimumVisualStudioVersion = 10.0.40219.1
Project("{FAE04EC0-301F-11D3-BF4B-00C04F79EFBC}") = "ClearDir", "ClearDir.csproj", "{59ADD429-A9B8-5AE7-730A-3E20CA6E9BDF}"
EndProject
Global
	GlobalSection(SolutionConfigurationPlatforms) = preSolution
		Debug|Any CPU = Debug|Any CPU
		Release|Any CPU = Release|Any CPU
	EndGlobalSection
	GlobalSection(ProjectConfigurationPlatforms) = postSolution
		{59ADD429-A9B8-5AE7-730A-3E20CA6E9BDF}.Debug|Any CPU.ActiveCfg = Debug|Any CPU
		{59ADD429-A9B8-5AE7-730A-3E20CA6E9BDF}.Debug|Any CPU.Build.0 = Debug|Any CPU
		{59ADD429-A9B8-5AE7-730A-3E20CA6E9BDF}.Release|Any CPU.ActiveCfg = Release|Any CPU
		{59ADD429-A9B8-5AE7-730A-3E20CA6E9BDF}.Release|Any CPU.Build.0 = Release|Any CPU
	EndGlobalSection
	GlobalSection(SolutionProperties) = preSolution
		HideSolutionNode = FALSE
	EndGlobalSection
	GlobalSection(ExtensibilityGlobals) = postSolution
		SolutionGuid = {8B14B8FB-3268-46A1-8B61-32CC728AABB4}
	EndGlobalSection
EndGlobal
